
Microsoft Visual Studio Solution File, Format Version 12.00
# Visual Studio Version 17
VisualStudioVersion = 17.5.33502.453
MinimumVisualStudioVersion = 10.0.40219.1
Project("{FAE04EC0-301F-11D3-BF4B-00C04F79EFBC}") = "Classes With Classes", "Classes With Classes\Classes With Classes.csproj", "{48506A82-AD5B-44D0-9B3D-54BE1982CE83}"
EndProject
Global
	GlobalSection(SolutionConfigurationPlatforms) = preSolution
		Debug|Any CPU = Debug|Any CPU
		Release|Any CPU = Release|Any CPU
	EndGlobalSection
	GlobalSection(ProjectConfigurationPlatforms) = postSolution
		{48506A82-AD5B-44D0-9B3D-54BE1982CE83}.Debug|Any CPU.ActiveCfg = Debug|Any CPU
		{48506A82-AD5B-44D0-9B3D-54BE1982CE83}.Debug|Any CPU.Build.0 = Debug|Any CPU
		{48506A82-AD5B-44D0-9B3D-54BE1982CE83}.Release|Any CPU.ActiveCfg = Release|Any CPU
		{48506A82-AD5B-44D0-9B3D-54BE1982CE83}.Release|Any CPU.Build.0 = Release|Any CPU
	EndGlobalSection
	GlobalSection(SolutionProperties) = preSolution
		HideSolutionNode = FALSE
	EndGlobalSection
	GlobalSection(ExtensibilityGlobals) = postSolution
		SolutionGuid = {3862D007-89B5-4072-8AB9-28E75447F975}
	EndGlobalSection
EndGlobal
